// !$*UTF8*$!
{
	archiveVersion = 1;
	classes = {
	};
	objectVersion = 46;
	objects = {

/* Begin PBXBuildFile section */
		3A2DBD2D1DAB788D00A67260 /* OneTimerVC.m in Sources */ = {isa = PBXBuildFile; fileRef = 3A2DBD2C1DAB788D00A67260 /* OneTimerVC.m */; };
		3A2DBD301DAB78A900A67260 /* ManyTimerVC.m in Sources */ = {isa = PBXBuildFile; fileRef = 3A2DBD2F1DAB78A900A67260 /* ManyTimerVC.m */; };
		3A2DBD331DAB7B0000A67260 /* ManyTimerCell.m in Sources */ = {isa = PBXBuildFile; fileRef = 3A2DBD321DAB7B0000A67260 /* ManyTimerCell.m */; };
		568B87441CDA6ADE003036BE /* main.m in Sources */ = {isa = PBXBuildFile; fileRef = 568B87431CDA6ADE003036BE /* main.m */; };
		568B87471CDA6ADF003036BE /* AppDelegate.m in Sources */ = {isa = PBXBuildFile; fileRef = 568B87461CDA6ADF003036BE /* AppDelegate.m */; };
		568B874A1CDA6ADF003036BE /* ViewController.m in Sources */ = {isa = PBXBuildFile; fileRef = 568B87491CDA6ADF003036BE /* ViewController.m */; };
		568B874D1CDA6ADF003036BE /* Main.storyboard in Resources */ = {isa = PBXBuildFile; fileRef = 568B874B1CDA6ADF003036BE /* Main.storyboard */; };
		568B874F1CDA6ADF003036BE /* Assets.xcassets in Resources */ = {isa = PBXBuildFile; fileRef = 568B874E1CDA6ADF003036BE /* Assets.xcassets */; };
		568B87521CDA6ADF003036BE /* LaunchScreen.storyboard in Resources */ = {isa = PBXBuildFile; fileRef = 568B87501CDA6ADF003036BE /* LaunchScreen.storyboard */; };
		568B875D1CDA6ADF003036BE /* CountdownDemoUITests.m in Sources */ = {isa = PBXBuildFile; fileRef = 568B875C1CDA6ADF003036BE /* CountdownDemoUITests.m */; };
/* End PBXBuildFile section */

/* Begin PBXContainerItemProxy section */
		568B87591CDA6ADF003036BE /* PBXContainerItemProxy */ = {
			isa = PBXContainerItemProxy;
			containerPortal = 568B87371CDA6ADE003036BE /* Project object */;
			proxyType = 1;
			remoteGlobalIDString = 568B873E1CDA6ADE003036BE;
			remoteInfo = CountdownDemo;
		};
/* End PBXContainerItemProxy section */

/* Begin PBXFileReference section */
		3A2DBD2B1DAB788D00A67260 /* OneTimerVC.h */ = {isa = PBXFileReference; fileEncoding = 4; lastKnownFileType = sourcecode.c.h; path = OneTimerVC.h; sourceTree = "<group>"; };
		3A2DBD2C1DAB788D00A67260 /* OneTimerVC.m */ = {isa = PBXFileReference; fileEncoding = 4; lastKnownFileType = sourcecode.c.objc; path = OneTimerVC.m; sourceTree = "<group>"; };
		3A2DBD2E1DAB78A900A67260 /* ManyTimerVC.h */ = {isa = PBXFileReference; fileEncoding = 4; lastKnownFileType = sourcecode.c.h; path = ManyTimerVC.h; sourceTree = "<group>"; };
		3A2DBD2F1DAB78A900A67260 /* ManyTimerVC.m */ = {isa = PBXFileReference; fileEncoding = 4; lastKnownFileType = sourcecode.c.objc; path = ManyTimerVC.m; sourceTree = "<group>"; };
		3A2DBD311DAB7B0000A67260 /* ManyTimerCell.h */ = {isa = PBXFileReference; fileEncoding = 4; lastKnownFileType = sourcecode.c.h; path = ManyTimerCell.h; sourceTree = "<group>"; };
		3A2DBD321DAB7B0000A67260 /* ManyTimerCell.m */ = {isa = PBXFileReference; fileEncoding = 4; lastKnownFileType = sourcecode.c.objc; path = ManyTimerCell.m; sourceTree = "<group>"; };
		568B873F1CDA6ADE003036BE /* CountdownDemo.app */ = {isa = PBXFileReference; explicitFileType = wrapper.application; includeInIndex = 0; path = CountdownDemo.app; sourceTree = BUILT_PRODUCTS_DIR; };
		568B87431CDA6ADE003036BE /* main.m */ = {isa = PBXFileReference; lastKnownFileType = sourcecode.c.objc; path = main.m; sourceTree = "<group>"; };
		568B87451CDA6ADF003036BE /* AppDelegate.h */ = {isa = PBXFileReference; lastKnownFileType = sourcecode.c.h; path = AppDelegate.h; sourceTree = "<group>"; };
		568B87461CDA6ADF003036BE /* AppDelegate.m */ = {isa = PBXFileReference; lastKnownFileType = sourcecode.c.objc; path = AppDelegate.m; sourceTree = "<group>"; };
		568B87481CDA6ADF003036BE /* ViewController.h */ = {isa = PBXFileReference; lastKnownFileType = sourcecode.c.h; path = ViewController.h; sourceTree = "<group>"; };
		568B87491CDA6ADF003036BE /* ViewController.m */ = {isa = PBXFileReference; lastKnownFileType = sourcecode.c.objc; path = ViewController.m; sourceTree = "<group>"; };
		568B874C1CDA6ADF003036BE /* Base */ = {isa = PBXFileReference; lastKnownFileType = file.storyboard; name = Base; path = Base.lproj/Main.storyboard; sourceTree = "<group>"; };
		568B874E1CDA6ADF003036BE /* Assets.xcassets */ = {isa = PBXFileReference; lastKnownFileType = folder.assetcatalog; path = Assets.xcassets; sourceTree = "<group>"; };
		568B87511CDA6ADF003036BE /* Base */ = {isa = PBXFileReference; lastKnownFileType = file.storyboard; name = Base; path = Base.lproj/LaunchScreen.storyboard; sourceTree = "<group>"; };
		568B87531CDA6ADF003036BE /* Info.plist */ = {isa = PBXFileReference; lastKnownFileType = text.plist.xml; path = Info.plist; sourceTree = "<group>"; };
		568B87581CDA6ADF003036BE /* CountdownDemoUITests.xctest */ = {isa = PBXFileReference; explicitFileType = wrapper.cfbundle; includeInIndex = 0; path = CountdownDemoUITests.xctest; sourceTree = BUILT_PRODUCTS_DIR; };
		568B875C1CDA6ADF003036BE /* CountdownDemoUITests.m */ = {isa = PBXFileReference; lastKnownFileType = sourcecode.c.objc; path = CountdownDemoUITests.m; sourceTree = "<group>"; };
		568B875E1CDA6ADF003036BE /* Info.plist */ = {isa = PBXFileReference; lastKnownFileType = text.plist.xml; path = Info.plist; sourceTree = "<group>"; };
/* End PBXFileReference section */

/* Begin PBXFrameworksBuildPhase section */
		568B873C1CDA6ADE003036BE /* Frameworks */ = {
			isa = PBXFrameworksBuildPhase;
			buildActionMask = 2147483647;
			files = (
			);
			runOnlyForDeploymentPostprocessing = 0;
		};
		568B87551CDA6ADF003036BE /* Frameworks */ = {
			isa = PBXFrameworksBuildPhase;
			buildActionMask = 2147483647;
			files = (
			);
			runOnlyForDeploymentPostprocessing = 0;
		};
/* End PBXFrameworksBuildPhase section */

/* Begin PBXGroup section */
		568B87361CDA6ADE003036BE = {
			isa = PBXGroup;
			children = (
				568B87411CDA6ADE003036BE /* CountdownDemo */,
				568B875B1CDA6ADF003036BE /* CountdownDemoUITests */,
				568B87401CDA6ADE003036BE /* Products */,
			);
			sourceTree = "<group>";
		};
		568B87401CDA6ADE003036BE /* Products */ = {
			isa = PBXGroup;
			children = (
				568B873F1CDA6ADE003036BE /* CountdownDemo.app */,
				568B87581CDA6ADF003036BE /* CountdownDemoUITests.xctest */,
			);
			name = Products;
			sourceTree = "<group>";
		};
		568B87411CDA6ADE003036BE /* CountdownDemo */ = {
			isa = PBXGroup;
			children = (
				568B87451CDA6ADF003036BE /* AppDelegate.h */,
				568B87461CDA6ADF003036BE /* AppDelegate.m */,
				568B87481CDA6ADF003036BE /* ViewController.h */,
				568B87491CDA6ADF003036BE /* ViewController.m */,
				3A2DBD2B1DAB788D00A67260 /* OneTimerVC.h */,
				3A2DBD2C1DAB788D00A67260 /* OneTimerVC.m */,
				3A2DBD2E1DAB78A900A67260 /* ManyTimerVC.h */,
				3A2DBD2F1DAB78A900A67260 /* ManyTimerVC.m */,
				3A2DBD311DAB7B0000A67260 /* ManyTimerCell.h */,
				3A2DBD321DAB7B0000A67260 /* ManyTimerCell.m */,
				568B874B1CDA6ADF003036BE /* Main.storyboard */,
				568B874E1CDA6ADF003036BE /* Assets.xcassets */,
				568B87501CDA6ADF003036BE /* LaunchScreen.storyboard */,
				568B87531CDA6ADF003036BE /* Info.plist */,
				568B87421CDA6ADE003036BE /* Supporting Files */,
			);
			path = CountdownDemo;
			sourceTree = "<group>";
		};
		568B87421CDA6ADE003036BE /* Supporting Files */ = {
			isa = PBXGroup;
			children = (
				568B87431CDA6ADE003036BE /* main.m */,
			);
			name = "Supporting Files";
			sourceTree = "<group>";
		};
		568B875B1CDA6ADF003036BE /* CountdownDemoUITests */ = {
			isa = PBXGroup;
			children = (
				568B875C1CDA6ADF003036BE /* CountdownDemoUITests.m */,
				568B875E1CDA6ADF003036BE /* Info.plist */,
			);
			path = CountdownDemoUITests;
			sourceTree = "<group>";
		};
/* End PBXGroup section */

/* Begin PBXNativeTarget section */
		568B873E1CDA6ADE003036BE /* CountdownDemo */ = {
			isa = PBXNativeTarget;
			buildConfigurationList = 568B87611CDA6ADF003036BE /* Build configuration list for PBXNativeTarget "CountdownDemo" */;
			buildPhases = (
				568B873B1CDA6ADE003036BE /* Sources */,
				568B873C1CDA6ADE003036BE /* Frameworks */,
				568B873D1CDA6ADE003036BE /* Resources */,
			);
			buildRules = (
			);
			dependencies = (
			);
			name = CountdownDemo;
			productName = CountdownDemo;
			productReference = 568B873F1CDA6ADE003036BE /* CountdownDemo.app */;
			productType = "com.apple.product-type.application";
		};
		568B87571CDA6ADF003036BE /* CountdownDemoUITests */ = {
			isa = PBXNativeTarget;
			buildConfigurationList = 568B87641CDA6ADF003036BE /* Build configuration list for PBXNativeTarget "CountdownDemoUITests" */;
			buildPhases = (
				568B87541CDA6ADF003036BE /* Sources */,
				568B87551CDA6ADF003036BE /* Frameworks */,
				568B87561CDA6ADF003036BE /* Resources */,
			);
			buildRules = (
			);
			dependencies = (
				568B875A1CDA6ADF003036BE /* PBXTargetDependency */,
			);
			name = CountdownDemoUITests;
			productName = CountdownDemoUITests;
			productReference = 568B87581CDA6ADF003036BE /* CountdownDemoUITests.xctest */;
			productType = "com.apple.product-type.bundle.ui-testing";
		};
/* End PBXNativeTarget section */

/* Begin PBXProject section */
		568B87371CDA6ADE003036BE /* Project object */ = {
			isa = PBXProject;
			attributes = {
				LastUpgradeCheck = 0730;
				ORGANIZATIONNAME = Charles;
				TargetAttributes = {
					568B873E1CDA6ADE003036BE = {
						CreatedOnToolsVersion = 7.3;
					};
					568B87571CDA6ADF003036BE = {
						CreatedOnToolsVersion = 7.3;
						TestTargetID = 568B873E1CDA6ADE003036BE;
					};
				};
			};
			buildConfigurationList = 568B873A1CDA6ADE003036BE /* Build configuration list for PBXProject "CountdownDemo" */;
			compatibilityVersion = "Xcode 3.2";
			developmentRegion = English;
			hasScannedForEncodings = 0;
			knownRegions = (
				en,
				Base,
			);
			mainGroup = 568B87361CDA6ADE003036BE;
			productRefGroup = 568B87401CDA6ADE003036BE /* Products */;
			projectDirPath = "";
			projectRoot = "";
			targets = (
				568B873E1CDA6ADE003036BE /* CountdownDemo */,
				568B87571CDA6ADF003036BE /* CountdownDemoUITests */,
			);
		};
/* End PBXProject section */

/* Begin PBXResourcesBuildPhase section */
		568B873D1CDA6ADE003036BE /* Resources */ = {
			isa = PBXResourcesBuildPhase;
			buildActionMask = 2147483647;
			files = (
				568B87521CDA6ADF003036BE /* LaunchScreen.storyboard in Resources */,
				568B874F1CDA6ADF003036BE /* Assets.xcassets in Resources */,
				568B874D1CDA6ADF003036BE /* Main.storyboard in Resources */,
			);
			runOnlyForDeploymentPostprocessing = 0;
		};
		568B87561CDA6ADF003036BE /* Resources */ = {
			isa = PBXResourcesBuildPhase;
			buildActionMask = 2147483647;
			files = (
			);
			runOnlyForDeploymentPostprocessing = 0;
		};
/* End PBXResourcesBuildPhase section */

/* Begin PBXSourcesBuildPhase section */
		568B873B1CDA6ADE003036BE /* Sources */ = {
			isa = PBXSourcesBuildPhase;
			buildActionMask = 2147483647;
			files = (
				568B874A1CDA6ADF003036BE /* ViewController.m in Sources */,
				3A2DBD301DAB78A900A67260 /* ManyTimerVC.m in Sources */,
				568B87471CDA6ADF003036BE /* AppDelegate.m in Sources */,
				568B87441CDA6ADE003036BE /* main.m in Sources */,
				3A2DBD331DAB7B0000A67260 /* ManyTimerCell.m in Sources */,
				3A2DBD2D1DAB788D00A67260 /* OneTimerVC.m in Sources */,
			);
			runOnlyForDeploymentPostprocessing = 0;
		};
		568B87541CDA6ADF003036BE /* Sources */ = {
			isa = PBXSourcesBuildPhase;
			buildActionMask = 2147483647;
			files = (
				568B875D1CDA6ADF003036BE /* CountdownDemoUITests.m in Sources */,
			);
			runOnlyForDeploymentPostprocessing = 0;
		};
/* End PBXSourcesBuildPhase section */

/* Begin PBXTargetDependency section */
		568B875A1CDA6ADF003036BE /* PBXTargetDependency */ = {
			isa = PBXTargetDependency;
			target = 568B873E1CDA6ADE003036BE /* CountdownDemo */;
			targetProxy = 568B87591CDA6ADF003036BE /* PBXContainerItemProxy */;
		};
/* End PBXTargetDependency section */

/* Begin PBXVariantGroup section */
		568B874B1CDA6ADF003036BE /* Main.storyboard */ = {
			isa = PBXVariantGroup;
			children = (
				568B874C1CDA6ADF003036BE /* Base */,
			);
			name = Main.storyboard;
			sourceTree = "<group>";
		};
		568B87501CDA6ADF003036BE /* LaunchScreen.storyboard */ = {
			isa = PBXVariantGroup;
			children = (
				568B87511CDA6ADF003036BE /* Base */,
			);
			name = LaunchScreen.storyboard;
			sourceTree = "<group>";
		};
/* End PBXVariantGroup section */

/* Begin XCBuildConfiguration section */
		568B875F1CDA6ADF003036BE /* Debug */ = {
			isa = XCBuildConfiguration;
			buildSettings = {
				ALWAYS_SEARCH_USER_PATHS = NO;
				CLANG_ANALYZER_NONNULL = YES;
				CLANG_CXX_LANGUAGE_STANDARD = "gnu++0x";
				CLANG_CXX_LIBRARY = "libc++";
				CLANG_ENABLE_MODULES = YES;
				CLANG_ENABLE_OBJC_ARC = YES;
				CLANG_WARN_BOOL_CONVERSION = YES;
				CLANG_WARN_CONSTANT_CONVERSION = YES;
				CLANG_WARN_DIRECT_OBJC_ISA_USAGE = YES_ERROR;
				CLANG_WARN_EMPTY_BODY = YES;
				CLANG_WARN_ENUM_CONVERSION = YES;
				CLANG_WARN_INT_CONVERSION = YES;
				CLANG_WARN_OBJC_ROOT_CLASS = YES_ERROR;
				CLANG_WARN_UNREACHABLE_CODE = YES;
				CLANG_WARN__DUPLICATE_METHOD_MATCH = YES;
				"CODE_SIGN_IDENTITY[sdk=iphoneos*]" = "iPhone Developer";
				COPY_PHASE_STRIP = NO;
				DEBUG_INFORMATION_FORMAT = dwarf;
				ENABLE_STRICT_OBJC_MSGSEND = YES;
				ENABLE_TESTABILITY = YES;
				GCC_C_LANGUAGE_STANDARD = gnu99;
				GCC_DYNAMIC_NO_PIC = NO;
				GCC_NO_COMMON_BLOCKS = YES;
				GCC_OPTIMIZATION_LEVEL = 0;
				GCC_PREPROCESSOR_DEFINITIONS = (
					"DEBUG=1",
					"$(inherited)",
				);
				GCC_WARN_64_TO_32_BIT_CONVERSION = YES;
				GCC_WARN_ABOUT_RETURN_TYPE = YES_ERROR;
				GCC_WARN_UNDECLARED_SELECTOR = YES;
				GCC_WARN_UNINITIALIZED_AUTOS = YES_AGGRESSIVE;
				GCC_WARN_UNUSED_FUNCTION = YES;
				GCC_WARN_UNUSED_VARIABLE = YES;
				IPHONEOS_DEPLOYMENT_TARGET = 9.3;
				MTL_ENABLE_DEBUG_INFO = YES;
				ONLY_ACTIVE_ARCH = YES;
				SDKROOT = iphoneos;
				TARGETED_DEVICE_FAMILY = "1,2";
			};
			name = Debug;
		};
		568B87601CDA6ADF003036BE /* Release */ = {
			isa = XCBuildConfiguration;
			buildSettings = {
				ALWAYS_SEARCH_USER_PATHS = NO;
				CLANG_ANALYZER_NONNULL = YES;
				CLANG_CXX_LANGUAGE_STANDARD = "gnu++0x";
				CLANG_CXX_LIBRARY = "libc++";
				CLANG_ENABLE_MODULES = YES;
				CLANG_ENABLE_OBJC_ARC = YES;
				CLANG_WARN_BOOL_CONVERSION = YES;
				CLANG_WARN_CONSTANT_CONVERSION = YES;
				CLANG_WARN_DIRECT_OBJC_ISA_USAGE = YES_ERROR;
				CLANG_WARN_EMPTY_BODY = YES;
				CLANG_WARN_ENUM_CONVERSION = YES;
				CLANG_WARN_INT_CONVERSION = YES;
				CLANG_WARN_OBJC_ROOT_CLASS = YES_ERROR;
				CLANG_WARN_UNREACHABLE_CODE = YES;
				CLANG_WARN__DUPLICATE_METHOD_MATCH = YES;
				"CODE_SIGN_IDENTITY[sdk=iphoneos*]" = "iPhone Developer";
				COPY_PHASE_STRIP = NO;
				DEBUG_INFORMATION_FORMAT = "dwarf-with-dsym";
				ENABLE_NS_ASSERTIONS = NO;
				ENABLE_STRICT_OBJC_MSGSEND = YES;
				GCC_C_LANGUAGE_STANDARD = gnu99;
				GCC_NO_COMMON_BLOCKS = YES;
				GCC_WARN_64_TO_32_BIT_CONVERSION = YES;
				GCC_WARN_ABOUT_RETURN_TYPE = YES_ERROR;
				GCC_WARN_UNDECLARED_SELECTOR = YES;
				GCC_WARN_UNINITIALIZED_AUTOS = YES_AGGRESSIVE;
				GCC_WARN_UNUSED_FUNCTION = YES;
				GCC_WARN_UNUSED_VARIABLE = YES;
				IPHONEOS_DEPLOYMENT_TARGET = 9.3;
				MTL_ENABLE_DEBUG_INFO = NO;
				SDKROOT = iphoneos;
				TARGETED_DEVICE_FAMILY = "1,2";
				VALIDATE_PRODUCT = YES;
			};
			name = Release;
		};
		568B87621CDA6ADF003036BE /* Debug */ = {
			isa = XCBuildConfiguration;
			buildSettings = {
				ASSETCATALOG_COMPILER_APPICON_NAME = AppIcon;
				INFOPLIST_FILE = CountdownDemo/Info.plist;
				LD_RUNPATH_SEARCH_PATHS = "$(inherited) @executable_path/Frameworks";
				PRODUCT_BUNDLE_IDENTIFIER = com.CountdownDemo;
				PRODUCT_NAME = "$(TARGET_NAME)";
			};
			name = Debug;
		};
		568B87631CDA6ADF003036BE /* Release */ = {
			isa = XCBuildConfiguration;
			buildSettings = {
				ASSETCATALOG_COMPILER_APPICON_NAME = AppIcon;
				INFOPLIST_FILE = CountdownDemo/Info.plist;
				LD_RUNPATH_SEARCH_PATHS = "$(inherited) @executable_path/Frameworks";
				PRODUCT_BUNDLE_IDENTIFIER = com.CountdownDemo;
				PRODUCT_NAME = "$(TARGET_NAME)";
			};
			name = Release;
		};
		568B87651CDA6ADF003036BE /* Debug */ = {
			isa = XCBuildConfiguration;
			buildSettings = {
				INFOPLIST_FILE = CountdownDemoUITests/Info.plist;
				LD_RUNPATH_SEARCH_PATHS = "$(inherited) @executable_path/Frameworks @loader_path/Frameworks";
				PRODUCT_BUNDLE_IDENTIFIER = com.CountdownDemoUITests;
				PRODUCT_NAME = "$(TARGET_NAME)";
				TEST_TARGET_NAME = CountdownDemo;
			};
			name = Debug;
		};
		568B87661CDA6ADF003036BE /* Release */ = {
			isa = XCBuildConfiguration;
			buildSettings = {
				INFOPLIST_FILE = CountdownDemoUITests/Info.plist;
				LD_RUNPATH_SEARCH_PATHS = "$(inherited) @executable_path/Frameworks @loader_path/Frameworks";
				PRODUCT_BUNDLE_IDENTIFIER = com.CountdownDemoUITests;
				PRODUCT_NAME = "$(TARGET_NAME)";
				TEST_TARGET_NAME = CountdownDemo;
			};
			name = Release;
		};
/* End XCBuildConfiguration section */

/* Begin XCConfigurationList section */
		568B873A1CDA6ADE003036BE /* Build configuration list for PBXProject "CountdownDemo" */ = {
			isa = XCConfigurationList;
			buildConfigurations = (
				568B875F1CDA6ADF003036BE /* Debug */,
				568B87601CDA6ADF003036BE /* Release */,
			);
			defaultConfigurationIsVisible = 0;
			defaultConfigurationName = Release;
		};
		568B87611CDA6ADF003036BE /* Build configuration list for PBXNativeTarget "CountdownDemo" */ = {
			isa = XCConfigurationList;
			buildConfigurations = (
				568B87621CDA6ADF003036BE /* Debug */,
				568B87631CDA6ADF003036BE /* Release */,
			);
			defaultConfigurationIsVisible = 0;
			defaultConfigurationName = Release;
		};
		568B87641CDA6ADF003036BE /* Build configuration list for PBXNativeTarget "CountdownDemoUITests" */ = {
			isa = XCConfigurationList;
			buildConfigurations = (
				568B87651CDA6ADF003036BE /* Debug */,
				568B87661CDA6ADF003036BE /* Release */,
			);
			defaultConfigurationIsVisible = 0;
			defaultConfigurationName = Release;
		};
/* End XCConfigurationList section */
	};
	rootObject = 568B87371CDA6ADE003036BE /* Project object */;
}
